
Microsoft Visual Studio Solution File, Format Version 12.00
# Visual Studio Version 17
VisualStudioVersion = 17.9.34723.18
MinimumVisualStudioVersion = 10.0.40219.1
Project("{FAE04EC0-301F-11D3-BF4B-00C04F79EFBC}") = "PracticaN06_IS_Cliente_Razor", "PracticaN06_IS_Cliente_Razor\PracticaN06_IS_Cliente_Razor.csproj", "{D5B9CD07-CB4C-4766-8EAA-C753271D12F9}"
EndProject
Global
	GlobalSection(SolutionConfigurationPlatforms) = preSolution
		Debug|Any CPU = Debug|Any CPU
		Release|Any CPU = Release|Any CPU
	EndGlobalSection
	GlobalSection(ProjectConfigurationPlatforms) = postSolution
		{D5B9CD07-CB4C-4766-8EAA-C753271D12F9}.Debug|Any CPU.ActiveCfg = Debug|Any CPU
		{D5B9CD07-CB4C-4766-8EAA-C753271D12F9}.Debug|Any CPU.Build.0 = Debug|Any CPU
		{D5B9CD07-CB4C-4766-8EAA-C753271D12F9}.Release|Any CPU.ActiveCfg = Release|Any CPU
		{D5B9CD07-CB4C-4766-8EAA-C753271D12F9}.Release|Any CPU.Build.0 = Release|Any CPU
	EndGlobalSection
	GlobalSection(SolutionProperties) = preSolution
		HideSolutionNode = FALSE
	EndGlobalSection
	GlobalSection(ExtensibilityGlobals) = postSolution
		SolutionGuid = {3F6E4AFB-BD26-4546-A3EB-BE304D883165}
	EndGlobalSection
EndGlobal
